
Microsoft Visual Studio Solution File, Format Version 12.00
# Visual Studio Version 17
VisualStudioVersion = 17.11.35312.102
MinimumVisualStudioVersion = 10.0.40219.1
Project("{FAE04EC0-301F-11D3-BF4B-00C04F79EFBC}") = "WebAPI-DotNET8", "WebAPI-DotNET8.csproj", "{3CCE1935-1801-4D0B-98A6-877CF0F72DAD}"
EndProject
Global
	GlobalSection(SolutionConfigurationPlatforms) = preSolution
		Debug|Any CPU = Debug|Any CPU
		Release|Any CPU = Release|Any CPU
	EndGlobalSection
	GlobalSection(ProjectConfigurationPlatforms) = postSolution
		{3CCE1935-1801-4D0B-98A6-877CF0F72DAD}.Debug|Any CPU.ActiveCfg = Debug|Any CPU
		{3CCE1935-1801-4D0B-98A6-877CF0F72DAD}.Debug|Any CPU.Build.0 = Debug|Any CPU
		{3CCE1935-1801-4D0B-98A6-877CF0F72DAD}.Release|Any CPU.ActiveCfg = Release|Any CPU
		{3CCE1935-1801-4D0B-98A6-877CF0F72DAD}.Release|Any CPU.Build.0 = Release|Any CPU
	EndGlobalSection
	GlobalSection(SolutionProperties) = preSolution
		HideSolutionNode = FALSE
	EndGlobalSection
	GlobalSection(ExtensibilityGlobals) = postSolution
		SolutionGuid = {CFC80D82-F118-491B-B829-85AEDAC4CE0E}
	EndGlobalSection
EndGlobal
